
Microsoft Visual Studio Solution File, Format Version 12.00
# Visual Studio Version 16
VisualStudioVersion = 16.0.31112.23
MinimumVisualStudioVersion = 10.0.40219.1
Project("{2150E333-8FDC-42A3-9474-1A3956D46DE8}") = "FNA", "FNA", "{A7E7AC60-CDB0-48F4-B982-A370705B16DA}"
EndProject
Project("{2150E333-8FDC-42A3-9474-1A3956D46DE8}") = "MonoGame", "MonoGame", "{1E2FF976-9660-4D1D-973D-19CF11EDFCD4}"
EndProject
Project("{2150E333-8FDC-42A3-9474-1A3956D46DE8}") = "SolutionItems", "SolutionItems", "{18A938E8-0CEC-4EFC-B10D-A992A52B9BD9}"
	ProjectSection(SolutionItems) = preProject
		..\.gitignore = ..\.gitignore
		..\.gitmodules = ..\.gitmodules
		..\CODEOWNERS = ..\CODEOWNERS
		..\LICENSE = ..\LICENSE
		..\README.md = ..\README.md
	EndProjectSection
EndProject
Project("{2150E333-8FDC-42A3-9474-1A3956D46DE8}") = "Core", "Core", "{52EC9732-F832-47F5-8962-31A0971D452F}"
EndProject
Project("{9A19103F-16F7-4668-BE54-9A1E7A4F7556}") = "FNA.Core", "FNA\FNA.Core.csproj", "{4ABF0969-F2EB-47B8-A175-7463749607A5}"
EndProject
Project("{FAE04EC0-301F-11D3-BF4B-00C04F79EFBC}") = "FNA", "FNA\FNA.csproj", "{35253CE1-C864-4CD3-8249-4D1319748E8F}"
EndProject
Project("{9A19103F-16F7-4668-BE54-9A1E7A4F7556}") = "Velentr.Input.FNA", "Velentr.Input.FNA\Velentr.Input.FNA.csproj", "{A28C5081-FB6A-4FE8-BAD8-84387C7F8EE5}"
EndProject
Project("{9A19103F-16F7-4668-BE54-9A1E7A4F7556}") = "Velentr.Input.FNA.DevEnv", "Velentr.Input.FNA.DevEnv\Velentr.Input.FNA.DevEnv.csproj", "{1292600C-788E-42DB-B93C-AEE4736A675B}"
EndProject
Project("{9A19103F-16F7-4668-BE54-9A1E7A4F7556}") = "Velentr.Input.Monogame", "Velentr.Input.Monogame\Velentr.Input.Monogame.csproj", "{64AD2060-609D-48F9-934B-5E8D30947405}"
EndProject
Project("{9A19103F-16F7-4668-BE54-9A1E7A4F7556}") = "Velentr.Input.Monogame.DevEnv", "Velentr.Input.Monogame.DevEnv\Velentr.Input.Monogame.DevEnv.csproj", "{12A44A21-FC67-4D42-8FA0-5AB7932CBA4C}"
EndProject
Project("{D954291E-2A0B-460D-934E-DC6B0785DB48}") = "Velentr.Input", "Velentr.Input\Velentr.Input.shproj", "{5E5602C3-4A93-4B86-BE1B-3E6B5725F1DE}"
EndProject
Project("{D954291E-2A0B-460D-934E-DC6B0785DB48}") = "Velentr.Input.DevEnv", "Velentr.Input.DevEnv\Velentr.Input.DevEnv.shproj", "{CB4FF523-47C6-44E9-8126-D1BEEB7852E5}"
EndProject
Project("{D954291E-2A0B-460D-934E-DC6B0785DB48}") = "Velentr.Input.SystemSpeech", "Velentr.Input.SystemSpeech\Velentr.Input.SystemSpeech.shproj", "{59F83538-6A82-41AF-B5AB-033BE70B84C4}"
EndProject
Project("{9A19103F-16F7-4668-BE54-9A1E7A4F7556}") = "Velentr.Input.FNA.SystemSpeech", "Velentr.Input.FNA.SystemSpeech\Velentr.Input.FNA.SystemSpeech.csproj", "{11DBA196-D061-4ADB-AC0F-80FBE58EC8C8}"
EndProject
Project("{9A19103F-16F7-4668-BE54-9A1E7A4F7556}") = "Velentr.Input.Monogame.SystemSpeech", "Velentr.Input.Monogame.SystemSpeech\Velentr.Input.Monogame.SystemSpeech.csproj", "{2DA5DA26-47D4-4DD8-A49D-E416BBC0E736}"
EndProject
Project("{9A19103F-16F7-4668-BE54-9A1E7A4F7556}") = "Velentr.Input.Monogame.SystemSpeech.DevEnv", "Velentr.Input.Monogame.SystemSpeech.DevEnv\Velentr.Input.Monogame.SystemSpeech.DevEnv.csproj", "{9F867537-98C8-40AA-A85E-180ABAE34E2B}"
EndProject
Project("{9A19103F-16F7-4668-BE54-9A1E7A4F7556}") = "Velentr.Input.FNA.SystemSpeech.DevEnv", "Velentr.Input.FNA.SystemSpeech.DevEnv\Velentr.Input.FNA.SystemSpeech.DevEnv.csproj", "{D993E37B-6BD4-4B7F-98A5-B771198AFF88}"
EndProject
Global
	GlobalSection(SharedMSBuildProjectFiles) = preSolution
		Velentr.Input.SystemSpeech\Velentr.Input.SystemSpeech.projitems*{11dba196-d061-4adb-ac0f-80fbe58ec8c8}*SharedItemsImports = 5
		Velentr.Input.SystemSpeech\Velentr.Input.SystemSpeech.projitems*{2da5da26-47d4-4dd8-a49d-e416bbc0e736}*SharedItemsImports = 5
		Velentr.Input.SystemSpeech\Velentr.Input.SystemSpeech.projitems*{59f83538-6a82-41af-b5ab-033be70b84c4}*SharedItemsImports = 13
		Velentr.Input\Velentr.Input.projitems*{5e5602c3-4a93-4b86-be1b-3e6b5725f1de}*SharedItemsImports = 13
		Velentr.Input\Velentr.Input.projitems*{64ad2060-609d-48f9-934b-5e8d30947405}*SharedItemsImports = 5
		Velentr.Input\Velentr.Input.projitems*{a28c5081-fb6a-4fe8-bad8-84387c7f8ee5}*SharedItemsImports = 5
		Velentr.Input.DevEnv\Velentr.Input.DevEnv.projitems*{cb4ff523-47c6-44e9-8126-d1beeb7852e5}*SharedItemsImports = 13
	EndGlobalSection
	GlobalSection(SolutionConfigurationPlatforms) = preSolution
		Debug|Any CPU = Debug|Any CPU
		Debug|x64 = Debug|x64
		Debug|x86 = Debug|x86
		Release|Any CPU = Release|Any CPU
		Release|x64 = Release|x64
		Release|x86 = Release|x86
	EndGlobalSection
	GlobalSection(ProjectConfigurationPlatforms) = postSolution
		{4ABF0969-F2EB-47B8-A175-7463749607A5}.Debug|Any CPU.ActiveCfg = Debug|x64
		{4ABF0969-F2EB-47B8-A175-7463749607A5}.Debug|x64.ActiveCfg = Debug|x64
		{4ABF0969-F2EB-47B8-A175-7463749607A5}.Debug|x64.Build.0 = Debug|x64
		{4ABF0969-F2EB-47B8-A175-7463749607A5}.Debug|x86.ActiveCfg = Debug|x64
		{4ABF0969-F2EB-47B8-A175-7463749607A5}.Release|Any CPU.ActiveCfg = Release|x64
		{4ABF0969-F2EB-47B8-A175-7463749607A5}.Release|x64.ActiveCfg = Release|x64
		{4ABF0969-F2EB-47B8-A175-7463749607A5}.Release|x64.Build.0 = Release|x64
		{4ABF0969-F2EB-47B8-A175-7463749607A5}.Release|x86.ActiveCfg = Release|x64
		{35253CE1-C864-4CD3-8249-4D1319748E8F}.Debug|Any CPU.ActiveCfg = Debug|Any CPU
		{35253CE1-C864-4CD3-8249-4D1319748E8F}.Debug|Any CPU.Build.0 = Debug|Any CPU
		{35253CE1-C864-4CD3-8249-4D1319748E8F}.Debug|x64.ActiveCfg = Debug|x64
		{35253CE1-C864-4CD3-8249-4D1319748E8F}.Debug|x64.Build.0 = Debug|x64
		{35253CE1-C864-4CD3-8249-4D1319748E8F}.Debug|x86.ActiveCfg = Debug|x86
		{35253CE1-C864-4CD3-8249-4D1319748E8F}.Debug|x86.Build.0 = Debug|x86
		{35253CE1-C864-4CD3-8249-4D1319748E8F}.Release|Any CPU.ActiveCfg = Release|Any CPU
		{35253CE1-C864-4CD3-8249-4D1319748E8F}.Release|Any CPU.Build.0 = Release|Any CPU
		{35253CE1-C864-4CD3-8249-4D1319748E8F}.Release|x64.ActiveCfg = Release|x64
		{35253CE1-C864-4CD3-8249-4D1319748E8F}.Release|x64.Build.0 = Release|x64
		{35253CE1-C864-4CD3-8249-4D1319748E8F}.Release|x86.ActiveCfg = Release|x86
		{35253CE1-C864-4CD3-8249-4D1319748E8F}.Release|x86.Build.0 = Release|x86
		{A28C5081-FB6A-4FE8-BAD8-84387C7F8EE5}.Debug|Any CPU.ActiveCfg = Debug|Any CPU
		{A28C5081-FB6A-4FE8-BAD8-84387C7F8EE5}.Debug|Any CPU.Build.0 = Debug|Any CPU
		{A28C5081-FB6A-4FE8-BAD8-84387C7F8EE5}.Debug|x64.ActiveCfg = Debug|x64
		{A28C5081-FB6A-4FE8-BAD8-84387C7F8EE5}.Debug|x64.Build.0 = Debug|x64
		{A28C5081-FB6A-4FE8-BAD8-84387C7F8EE5}.Debug|x86.ActiveCfg = Debug|Any CPU
		{A28C5081-FB6A-4FE8-BAD8-84387C7F8EE5}.Debug|x86.Build.0 = Debug|Any CPU
		{A28C5081-FB6A-4FE8-BAD8-84387C7F8EE5}.Release|Any CPU.ActiveCfg = Release|Any CPU
		{A28C5081-FB6A-4FE8-BAD8-84387C7F8EE5}.Release|Any CPU.Build.0 = Release|Any CPU
		{A28C5081-FB6A-4FE8-BAD8-84387C7F8EE5}.Release|x64.ActiveCfg = Release|x64
		{A28C5081-FB6A-4FE8-BAD8-84387C7F8EE5}.Release|x64.Build.0 = Release|x64
		{A28C5081-FB6A-4FE8-BAD8-84387C7F8EE5}.Release|x86.ActiveCfg = Release|Any CPU
		{A28C5081-FB6A-4FE8-BAD8-84387C7F8EE5}.Release|x86.Build.0 = Release|Any CPU
		{1292600C-788E-42DB-B93C-AEE4736A675B}.Debug|Any CPU.ActiveCfg = Debug|Any CPU
		{1292600C-788E-42DB-B93C-AEE4736A675B}.Debug|Any CPU.Build.0 = Debug|Any CPU
		{1292600C-788E-42DB-B93C-AEE4736A675B}.Debug|x64.ActiveCfg = Debug|x64
		{1292600C-788E-42DB-B93C-AEE4736A675B}.Debug|x64.Build.0 = Debug|x64
		{1292600C-788E-42DB-B93C-AEE4736A675B}.Debug|x86.ActiveCfg = Debug|x86
		{1292600C-788E-42DB-B93C-AEE4736A675B}.Debug|x86.Build.0 = Debug|x86
		{1292600C-788E-42DB-B93C-AEE4736A675B}.Release|Any CPU.ActiveCfg = Release|Any CPU
		{1292600C-788E-42DB-B93C-AEE4736A675B}.Release|Any CPU.Build.0 = Release|Any CPU
		{1292600C-788E-42DB-B93C-AEE4736A675B}.Release|x64.ActiveCfg = Release|x64
		{1292600C-788E-42DB-B93C-AEE4736A675B}.Release|x64.Build.0 = Release|x64
		{1292600C-788E-42DB-B93C-AEE4736A675B}.Release|x86.ActiveCfg = Release|x86
		{1292600C-788E-42DB-B93C-AEE4736A675B}.Release|x86.Build.0 = Release|x86
		{64AD2060-609D-48F9-934B-5E8D30947405}.Debug|Any CPU.ActiveCfg = Debug|Any CPU
		{64AD2060-609D-48F9-934B-5E8D30947405}.Debug|Any CPU.Build.0 = Debug|Any CPU
		{64AD2060-609D-48F9-934B-5E8D30947405}.Debug|x64.ActiveCfg = Debug|Any CPU
		{64AD2060-609D-48F9-934B-5E8D30947405}.Debug|x64.Build.0 = Debug|Any CPU
		{64AD2060-609D-48F9-934B-5E8D30947405}.Debug|x86.ActiveCfg = Debug|Any CPU
		{64AD2060-609D-48F9-934B-5E8D30947405}.Debug|x86.Build.0 = Debug|Any CPU
		{64AD2060-609D-48F9-934B-5E8D30947405}.Release|Any CPU.ActiveCfg = Release|Any CPU
		{64AD2060-609D-48F9-934B-5E8D30947405}.Release|Any CPU.Build.0 = Release|Any CPU
		{64AD2060-609D-48F9-934B-5E8D30947405}.Release|x64.ActiveCfg = Release|Any CPU
		{64AD2060-609D-48F9-934B-5E8D30947405}.Release|x64.Build.0 = Release|Any CPU
		{64AD2060-609D-48F9-934B-5E8D30947405}.Release|x86.ActiveCfg = Release|Any CPU
		{64AD2060-609D-48F9-934B-5E8D30947405}.Release|x86.Build.0 = Release|Any CPU
		{12A44A21-FC67-4D42-8FA0-5AB7932CBA4C}.Debug|Any CPU.ActiveCfg = Debug|Any CPU
		{12A44A21-FC67-4D42-8FA0-5AB7932CBA4C}.Debug|Any CPU.Build.0 = Debug|Any CPU
		{12A44A21-FC67-4D42-8FA0-5AB7932CBA4C}.Debug|x64.ActiveCfg = Debug|Any CPU
		{12A44A21-FC67-4D42-8FA0-5AB7932CBA4C}.Debug|x64.Build.0 = Debug|Any CPU
		{12A44A21-FC67-4D42-8FA0-5AB7932CBA4C}.Debug|x86.ActiveCfg = Debug|Any CPU
		{12A44A21-FC67-4D42-8FA0-5AB7932CBA4C}.Debug|x86.Build.0 = Debug|Any CPU
		{12A44A21-FC67-4D42-8FA0-5AB7932CBA4C}.Release|Any CPU.ActiveCfg = Release|Any CPU
		{12A44A21-FC67-4D42-8FA0-5AB7932CBA4C}.Release|Any CPU.Build.0 = Release|Any CPU
		{12A44A21-FC67-4D42-8FA0-5AB7932CBA4C}.Release|x64.ActiveCfg = Release|Any CPU
		{12A44A21-FC67-4D42-8FA0-5AB7932CBA4C}.Release|x64.Build.0 = Release|Any CPU
		{12A44A21-FC67-4D42-8FA0-5AB7932CBA4C}.Release|x86.ActiveCfg = Release|Any CPU
		{12A44A21-FC67-4D42-8FA0-5AB7932CBA4C}.Release|x86.Build.0 = Release|Any CPU
		{11DBA196-D061-4ADB-AC0F-80FBE58EC8C8}.Debug|Any CPU.ActiveCfg = Debug|Any CPU
		{11DBA196-D061-4ADB-AC0F-80FBE58EC8C8}.Debug|Any CPU.Build.0 = Debug|Any CPU
		{11DBA196-D061-4ADB-AC0F-80FBE58EC8C8}.Debug|x64.ActiveCfg = Debug|Any CPU
		{11DBA196-D061-4ADB-AC0F-80FBE58EC8C8}.Debug|x64.Build.0 = Debug|Any CPU
		{11DBA196-D061-4ADB-AC0F-80FBE58EC8C8}.Debug|x86.ActiveCfg = Debug|Any CPU
		{11DBA196-D061-4ADB-AC0F-80FBE58EC8C8}.Debug|x86.Build.0 = Debug|Any CPU
		{11DBA196-D061-4ADB-AC0F-80FBE58EC8C8}.Release|Any CPU.ActiveCfg = Release|Any CPU
		{11DBA196-D061-4ADB-AC0F-80FBE58EC8C8}.Release|Any CPU.Build.0 = Release|Any CPU
		{11DBA196-D061-4ADB-AC0F-80FBE58EC8C8}.Release|x64.ActiveCfg = Release|Any CPU
		{11DBA196-D061-4ADB-AC0F-80FBE58EC8C8}.Release|x64.Build.0 = Release|Any CPU
		{11DBA196-D061-4ADB-AC0F-80FBE58EC8C8}.Release|x86.ActiveCfg = Release|Any CPU
		{11DBA196-D061-4ADB-AC0F-80FBE58EC8C8}.Release|x86.Build.0 = Release|Any CPU
		{2DA5DA26-47D4-4DD8-A49D-E416BBC0E736}.Debug|Any CPU.ActiveCfg = Debug|Any CPU
		{2DA5DA26-47D4-4DD8-A49D-E416BBC0E736}.Debug|Any CPU.Build.0 = Debug|Any CPU
		{2DA5DA26-47D4-4DD8-A49D-E416BBC0E736}.Debug|x64.ActiveCfg = Debug|Any CPU
		{2DA5DA26-47D4-4DD8-A49D-E416BBC0E736}.Debug|x64.Build.0 = Debug|Any CPU
		{2DA5DA26-47D4-4DD8-A49D-E416BBC0E736}.Debug|x86.ActiveCfg = Debug|Any CPU
		{2DA5DA26-47D4-4DD8-A49D-E416BBC0E736}.Debug|x86.Build.0 = Debug|Any CPU
		{2DA5DA26-47D4-4DD8-A49D-E416BBC0E736}.Release|Any CPU.ActiveCfg = Release|Any CPU
		{2DA5DA26-47D4-4DD8-A49D-E416BBC0E736}.Release|Any CPU.Build.0 = Release|Any CPU
		{2DA5DA26-47D4-4DD8-A49D-E416BBC0E736}.Release|x64.ActiveCfg = Release|Any CPU
		{2DA5DA26-47D4-4DD8-A49D-E416BBC0E736}.Release|x64.Build.0 = Release|Any CPU
		{2DA5DA26-47D4-4DD8-A49D-E416BBC0E736}.Release|x86.ActiveCfg = Release|Any CPU
		{2DA5DA26-47D4-4DD8-A49D-E416BBC0E736}.Release|x86.Build.0 = Release|Any CPU
		{9F867537-98C8-40AA-A85E-180ABAE34E2B}.Debug|Any CPU.ActiveCfg = Debug|Any CPU
		{9F867537-98C8-40AA-A85E-180ABAE34E2B}.Debug|Any CPU.Build.0 = Debug|Any CPU
		{9F867537-98C8-40AA-A85E-180ABAE34E2B}.Debug|x64.ActiveCfg = Debug|Any CPU
		{9F867537-98C8-40AA-A85E-180ABAE34E2B}.Debug|x64.Build.0 = Debug|Any CPU
		{9F867537-98C8-40AA-A85E-180ABAE34E2B}.Debug|x86.ActiveCfg = Debug|Any CPU
		{9F867537-98C8-40AA-A85E-180ABAE34E2B}.Debug|x86.Build.0 = Debug|Any CPU
		{9F867537-98C8-40AA-A85E-180ABAE34E2B}.Release|Any CPU.ActiveCfg = Release|Any CPU
		{9F867537-98C8-40AA-A85E-180ABAE34E2B}.Release|Any CPU.Build.0 = Release|Any CPU
		{9F867537-98C8-40AA-A85E-180ABAE34E2B}.Release|x64.ActiveCfg = Release|Any CPU
		{9F867537-98C8-40AA-A85E-180ABAE34E2B}.Release|x64.Build.0 = Release|Any CPU
		{9F867537-98C8-40AA-A85E-180ABAE34E2B}.Release|x86.ActiveCfg = Release|Any CPU
		{9F867537-98C8-40AA-A85E-180ABAE34E2B}.Release|x86.Build.0 = Release|Any CPU
		{D993E37B-6BD4-4B7F-98A5-B771198AFF88}.Debug|Any CPU.ActiveCfg = Debug|Any CPU
		{D993E37B-6BD4-4B7F-98A5-B771198AFF88}.Debug|Any CPU.Build.0 = Debug|Any CPU
		{D993E37B-6BD4-4B7F-98A5-B771198AFF88}.Debug|x64.ActiveCfg = Debug|x64
		{D993E37B-6BD4-4B7F-98A5-B771198AFF88}.Debug|x64.Build.0 = Debug|x64
		{D993E37B-6BD4-4B7F-98A5-B771198AFF88}.Debug|x86.ActiveCfg = Debug|x86
		{D993E37B-6BD4-4B7F-98A5-B771198AFF88}.Debug|x86.Build.0 = Debug|x86
		{D993E37B-6BD4-4B7F-98A5-B771198AFF88}.Release|Any CPU.ActiveCfg = Release|Any CPU
		{D993E37B-6BD4-4B7F-98A5-B771198AFF88}.Release|Any CPU.Build.0 = Release|Any CPU
		{D993E37B-6BD4-4B7F-98A5-B771198AFF88}.Release|x64.ActiveCfg = Release|x64
		{D993E37B-6BD4-4B7F-98A5-B771198AFF88}.Release|x64.Build.0 = Release|x64
		{D993E37B-6BD4-4B7F-98A5-B771198AFF88}.Release|x86.ActiveCfg = Release|x86
		{D993E37B-6BD4-4B7F-98A5-B771198AFF88}.Release|x86.Build.0 = Release|x86
	EndGlobalSection
	GlobalSection(SolutionProperties) = preSolution
		HideSolutionNode = FALSE
	EndGlobalSection
	GlobalSection(NestedProjects) = preSolution
		{4ABF0969-F2EB-47B8-A175-7463749607A5} = {A7E7AC60-CDB0-48F4-B982-A370705B16DA}
		{35253CE1-C864-4CD3-8249-4D1319748E8F} = {A7E7AC60-CDB0-48F4-B982-A370705B16DA}
		{A28C5081-FB6A-4FE8-BAD8-84387C7F8EE5} = {A7E7AC60-CDB0-48F4-B982-A370705B16DA}
		{1292600C-788E-42DB-B93C-AEE4736A675B} = {A7E7AC60-CDB0-48F4-B982-A370705B16DA}
		{64AD2060-609D-48F9-934B-5E8D30947405} = {1E2FF976-9660-4D1D-973D-19CF11EDFCD4}
		{12A44A21-FC67-4D42-8FA0-5AB7932CBA4C} = {1E2FF976-9660-4D1D-973D-19CF11EDFCD4}
		{5E5602C3-4A93-4B86-BE1B-3E6B5725F1DE} = {52EC9732-F832-47F5-8962-31A0971D452F}
		{CB4FF523-47C6-44E9-8126-D1BEEB7852E5} = {52EC9732-F832-47F5-8962-31A0971D452F}
		{59F83538-6A82-41AF-B5AB-033BE70B84C4} = {52EC9732-F832-47F5-8962-31A0971D452F}
		{11DBA196-D061-4ADB-AC0F-80FBE58EC8C8} = {A7E7AC60-CDB0-48F4-B982-A370705B16DA}
		{2DA5DA26-47D4-4DD8-A49D-E416BBC0E736} = {1E2FF976-9660-4D1D-973D-19CF11EDFCD4}
		{9F867537-98C8-40AA-A85E-180ABAE34E2B} = {1E2FF976-9660-4D1D-973D-19CF11EDFCD4}
		{D993E37B-6BD4-4B7F-98A5-B771198AFF88} = {A7E7AC60-CDB0-48F4-B982-A370705B16DA}
	EndGlobalSection
	GlobalSection(ExtensibilityGlobals) = postSolution
		SolutionGuid = {5081EA36-0886-4BA3-ABD2-DD5D453B49FF}
	EndGlobalSection
EndGlobal
