
Microsoft Visual Studio Solution File, Format Version 12.00
# Visual Studio Version 16
VisualStudioVersion = 16.0.31112.23
MinimumVisualStudioVersion = 10.0.40219.1
Project("{2150E333-8FDC-42A3-9474-1A3956D46DE8}") = "FNA", "FNA", "{A7E7AC60-CDB0-48F4-B982-A370705B16DA}"
EndProject
Project("{2150E333-8FDC-42A3-9474-1A3956D46DE8}") = "MonoGame", "MonoGame", "{1E2FF976-9660-4D1D-973D-19CF11EDFCD4}"
EndProject
Project("{2150E333-8FDC-42A3-9474-1A3956D46DE8}") = "VoiceEngines", "VoiceEngines", "{88617894-04DA-43B5-8A02-432F6A2691DA}"
EndProject
Project("{2150E333-8FDC-42A3-9474-1A3956D46DE8}") = "SystemSpeech", "SystemSpeech", "{55353D78-D648-45BA-AD21-D6412C2184D6}"
EndProject
Project("{9A19103F-16F7-4668-BE54-9A1E7A4F7556}") = "Velentr.Input.FNA.SystemSpeech", "VoiceEngines\SystemSpeech\Velentr.Input.FNA.SystemSpeech\Velentr.Input.FNA.SystemSpeech.csproj", "{320C4E5F-87CE-4381-942E-EAA4813CB5D6}"
EndProject
Project("{9A19103F-16F7-4668-BE54-9A1E7A4F7556}") = "Velentr.Input.Monogame.SystemSpeech", "VoiceEngines\SystemSpeech\Velentr.Input.Monogame.SystemSpeech\Velentr.Input.Monogame.SystemSpeech.csproj", "{74C704D5-F2C9-4381-914D-C5EE695BEA78}"
EndProject
Project("{9A19103F-16F7-4668-BE54-9A1E7A4F7556}") = "Velentr.Input.SystemSpeech.DevEnv", "VoiceEngines\SystemSpeech\Velentr.Input.SystemSpeech.DevEnv\Velentr.Input.SystemSpeech.DevEnv.csproj", "{C5302D79-F567-4B81-A9D2-8D7FD4C6C165}"
EndProject
Project("{2150E333-8FDC-42A3-9474-1A3956D46DE8}") = "SolutionItems", "SolutionItems", "{18A938E8-0CEC-4EFC-B10D-A992A52B9BD9}"
	ProjectSection(SolutionItems) = preProject
		..\.gitignore = ..\.gitignore
		..\.gitmodules = ..\.gitmodules
		..\CODEOWNERS = ..\CODEOWNERS
		..\LICENSE = ..\LICENSE
		..\README.md = ..\README.md
	EndProjectSection
EndProject
Project("{9A19103F-16F7-4668-BE54-9A1E7A4F7556}") = "Velentr.Input.SystemSpeech", "VoiceEngines\SystemSpeech\Velentr.Input.SystemSpeech\Velentr.Input.SystemSpeech.csproj", "{C4DFD999-3ED1-4541-A8F3-8848064F6551}"
EndProject
Project("{2150E333-8FDC-42A3-9474-1A3956D46DE8}") = "Core", "Core", "{52EC9732-F832-47F5-8962-31A0971D452F}"
EndProject
Project("{9A19103F-16F7-4668-BE54-9A1E7A4F7556}") = "Velentr.Input", "Velentr.Input\Velentr.Input.csproj", "{CF49A207-4E72-4F13-A958-3CC93B4CEE95}"
EndProject
Project("{9A19103F-16F7-4668-BE54-9A1E7A4F7556}") = "Velentr.Input.DevEnv", "Velentr.Input.DevEnv\Velentr.Input.DevEnv.csproj", "{8DD82BED-1659-4B21-AFC3-641866D96162}"
EndProject
Project("{9A19103F-16F7-4668-BE54-9A1E7A4F7556}") = "FNA.Core", "FNA\FNA.Core.csproj", "{4ABF0969-F2EB-47B8-A175-7463749607A5}"
EndProject
Project("{FAE04EC0-301F-11D3-BF4B-00C04F79EFBC}") = "FNA", "FNA\FNA.csproj", "{35253CE1-C864-4CD3-8249-4D1319748E8F}"
EndProject
Project("{9A19103F-16F7-4668-BE54-9A1E7A4F7556}") = "Velentr.Input.FNA", "Velentr.Input.FNA\Velentr.Input.FNA.csproj", "{A28C5081-FB6A-4FE8-BAD8-84387C7F8EE5}"
EndProject
Project("{9A19103F-16F7-4668-BE54-9A1E7A4F7556}") = "Velentr.Input.FNA.DevEnv", "Velentr.Input.FNA.DevEnv\Velentr.Input.FNA.DevEnv.csproj", "{1292600C-788E-42DB-B93C-AEE4736A675B}"
EndProject
Project("{9A19103F-16F7-4668-BE54-9A1E7A4F7556}") = "Velentr.Input.Monogame", "Velentr.Input.Monogame\Velentr.Input.Monogame.csproj", "{64AD2060-609D-48F9-934B-5E8D30947405}"
EndProject
Project("{9A19103F-16F7-4668-BE54-9A1E7A4F7556}") = "Velentr.Input.Monogame.DevEnv", "Velentr.Input.Monogame.DevEnv\Velentr.Input.Monogame.DevEnv.csproj", "{12A44A21-FC67-4D42-8FA0-5AB7932CBA4C}"
EndProject
Global
	GlobalSection(SolutionConfigurationPlatforms) = preSolution
		Debug|Any CPU = Debug|Any CPU
		Debug|x64 = Debug|x64
		Debug|x86 = Debug|x86
		Release|Any CPU = Release|Any CPU
		Release|x64 = Release|x64
		Release|x86 = Release|x86
	EndGlobalSection
	GlobalSection(ProjectConfigurationPlatforms) = postSolution
		{320C4E5F-87CE-4381-942E-EAA4813CB5D6}.Debug|Any CPU.ActiveCfg = Debug|Any CPU
		{320C4E5F-87CE-4381-942E-EAA4813CB5D6}.Debug|Any CPU.Build.0 = Debug|Any CPU
		{320C4E5F-87CE-4381-942E-EAA4813CB5D6}.Debug|x64.ActiveCfg = Debug|Any CPU
		{320C4E5F-87CE-4381-942E-EAA4813CB5D6}.Debug|x64.Build.0 = Debug|Any CPU
		{320C4E5F-87CE-4381-942E-EAA4813CB5D6}.Debug|x86.ActiveCfg = Debug|Any CPU
		{320C4E5F-87CE-4381-942E-EAA4813CB5D6}.Debug|x86.Build.0 = Debug|Any CPU
		{320C4E5F-87CE-4381-942E-EAA4813CB5D6}.Release|Any CPU.ActiveCfg = Release|Any CPU
		{320C4E5F-87CE-4381-942E-EAA4813CB5D6}.Release|Any CPU.Build.0 = Release|Any CPU
		{320C4E5F-87CE-4381-942E-EAA4813CB5D6}.Release|x64.ActiveCfg = Release|Any CPU
		{320C4E5F-87CE-4381-942E-EAA4813CB5D6}.Release|x64.Build.0 = Release|Any CPU
		{320C4E5F-87CE-4381-942E-EAA4813CB5D6}.Release|x86.ActiveCfg = Release|Any CPU
		{320C4E5F-87CE-4381-942E-EAA4813CB5D6}.Release|x86.Build.0 = Release|Any CPU
		{74C704D5-F2C9-4381-914D-C5EE695BEA78}.Debug|Any CPU.ActiveCfg = Debug|Any CPU
		{74C704D5-F2C9-4381-914D-C5EE695BEA78}.Debug|Any CPU.Build.0 = Debug|Any CPU
		{74C704D5-F2C9-4381-914D-C5EE695BEA78}.Debug|x64.ActiveCfg = Debug|Any CPU
		{74C704D5-F2C9-4381-914D-C5EE695BEA78}.Debug|x64.Build.0 = Debug|Any CPU
		{74C704D5-F2C9-4381-914D-C5EE695BEA78}.Debug|x86.ActiveCfg = Debug|Any CPU
		{74C704D5-F2C9-4381-914D-C5EE695BEA78}.Debug|x86.Build.0 = Debug|Any CPU
		{74C704D5-F2C9-4381-914D-C5EE695BEA78}.Release|Any CPU.ActiveCfg = Release|Any CPU
		{74C704D5-F2C9-4381-914D-C5EE695BEA78}.Release|Any CPU.Build.0 = Release|Any CPU
		{74C704D5-F2C9-4381-914D-C5EE695BEA78}.Release|x64.ActiveCfg = Release|Any CPU
		{74C704D5-F2C9-4381-914D-C5EE695BEA78}.Release|x64.Build.0 = Release|Any CPU
		{74C704D5-F2C9-4381-914D-C5EE695BEA78}.Release|x86.ActiveCfg = Release|Any CPU
		{74C704D5-F2C9-4381-914D-C5EE695BEA78}.Release|x86.Build.0 = Release|Any CPU
		{C5302D79-F567-4B81-A9D2-8D7FD4C6C165}.Debug|Any CPU.ActiveCfg = Debug|Any CPU
		{C5302D79-F567-4B81-A9D2-8D7FD4C6C165}.Debug|Any CPU.Build.0 = Debug|Any CPU
		{C5302D79-F567-4B81-A9D2-8D7FD4C6C165}.Debug|x64.ActiveCfg = Debug|Any CPU
		{C5302D79-F567-4B81-A9D2-8D7FD4C6C165}.Debug|x64.Build.0 = Debug|Any CPU
		{C5302D79-F567-4B81-A9D2-8D7FD4C6C165}.Debug|x86.ActiveCfg = Debug|Any CPU
		{C5302D79-F567-4B81-A9D2-8D7FD4C6C165}.Debug|x86.Build.0 = Debug|Any CPU
		{C5302D79-F567-4B81-A9D2-8D7FD4C6C165}.Release|Any CPU.ActiveCfg = Release|Any CPU
		{C5302D79-F567-4B81-A9D2-8D7FD4C6C165}.Release|Any CPU.Build.0 = Release|Any CPU
		{C5302D79-F567-4B81-A9D2-8D7FD4C6C165}.Release|x64.ActiveCfg = Release|Any CPU
		{C5302D79-F567-4B81-A9D2-8D7FD4C6C165}.Release|x64.Build.0 = Release|Any CPU
		{C5302D79-F567-4B81-A9D2-8D7FD4C6C165}.Release|x86.ActiveCfg = Release|Any CPU
		{C5302D79-F567-4B81-A9D2-8D7FD4C6C165}.Release|x86.Build.0 = Release|Any CPU
		{C4DFD999-3ED1-4541-A8F3-8848064F6551}.Debug|Any CPU.ActiveCfg = Debug|Any CPU
		{C4DFD999-3ED1-4541-A8F3-8848064F6551}.Debug|Any CPU.Build.0 = Debug|Any CPU
		{C4DFD999-3ED1-4541-A8F3-8848064F6551}.Debug|x64.ActiveCfg = Debug|Any CPU
		{C4DFD999-3ED1-4541-A8F3-8848064F6551}.Debug|x64.Build.0 = Debug|Any CPU
		{C4DFD999-3ED1-4541-A8F3-8848064F6551}.Debug|x86.ActiveCfg = Debug|Any CPU
		{C4DFD999-3ED1-4541-A8F3-8848064F6551}.Debug|x86.Build.0 = Debug|Any CPU
		{C4DFD999-3ED1-4541-A8F3-8848064F6551}.Release|Any CPU.ActiveCfg = Release|Any CPU
		{C4DFD999-3ED1-4541-A8F3-8848064F6551}.Release|Any CPU.Build.0 = Release|Any CPU
		{C4DFD999-3ED1-4541-A8F3-8848064F6551}.Release|x64.ActiveCfg = Release|Any CPU
		{C4DFD999-3ED1-4541-A8F3-8848064F6551}.Release|x64.Build.0 = Release|Any CPU
		{C4DFD999-3ED1-4541-A8F3-8848064F6551}.Release|x86.ActiveCfg = Release|Any CPU
		{C4DFD999-3ED1-4541-A8F3-8848064F6551}.Release|x86.Build.0 = Release|Any CPU
		{CF49A207-4E72-4F13-A958-3CC93B4CEE95}.Debug|Any CPU.ActiveCfg = Debug|Any CPU
		{CF49A207-4E72-4F13-A958-3CC93B4CEE95}.Debug|Any CPU.Build.0 = Debug|Any CPU
		{CF49A207-4E72-4F13-A958-3CC93B4CEE95}.Debug|x64.ActiveCfg = Debug|Any CPU
		{CF49A207-4E72-4F13-A958-3CC93B4CEE95}.Debug|x64.Build.0 = Debug|Any CPU
		{CF49A207-4E72-4F13-A958-3CC93B4CEE95}.Debug|x86.ActiveCfg = Debug|Any CPU
		{CF49A207-4E72-4F13-A958-3CC93B4CEE95}.Debug|x86.Build.0 = Debug|Any CPU
		{CF49A207-4E72-4F13-A958-3CC93B4CEE95}.Release|Any CPU.ActiveCfg = Release|Any CPU
		{CF49A207-4E72-4F13-A958-3CC93B4CEE95}.Release|Any CPU.Build.0 = Release|Any CPU
		{CF49A207-4E72-4F13-A958-3CC93B4CEE95}.Release|x64.ActiveCfg = Release|Any CPU
		{CF49A207-4E72-4F13-A958-3CC93B4CEE95}.Release|x64.Build.0 = Release|Any CPU
		{CF49A207-4E72-4F13-A958-3CC93B4CEE95}.Release|x86.ActiveCfg = Release|Any CPU
		{CF49A207-4E72-4F13-A958-3CC93B4CEE95}.Release|x86.Build.0 = Release|Any CPU
		{8DD82BED-1659-4B21-AFC3-641866D96162}.Debug|Any CPU.ActiveCfg = Debug|Any CPU
		{8DD82BED-1659-4B21-AFC3-641866D96162}.Debug|Any CPU.Build.0 = Debug|Any CPU
		{8DD82BED-1659-4B21-AFC3-641866D96162}.Debug|x64.ActiveCfg = Debug|Any CPU
		{8DD82BED-1659-4B21-AFC3-641866D96162}.Debug|x64.Build.0 = Debug|Any CPU
		{8DD82BED-1659-4B21-AFC3-641866D96162}.Debug|x86.ActiveCfg = Debug|Any CPU
		{8DD82BED-1659-4B21-AFC3-641866D96162}.Debug|x86.Build.0 = Debug|Any CPU
		{8DD82BED-1659-4B21-AFC3-641866D96162}.Release|Any CPU.ActiveCfg = Release|Any CPU
		{8DD82BED-1659-4B21-AFC3-641866D96162}.Release|Any CPU.Build.0 = Release|Any CPU
		{8DD82BED-1659-4B21-AFC3-641866D96162}.Release|x64.ActiveCfg = Release|Any CPU
		{8DD82BED-1659-4B21-AFC3-641866D96162}.Release|x64.Build.0 = Release|Any CPU
		{8DD82BED-1659-4B21-AFC3-641866D96162}.Release|x86.ActiveCfg = Release|Any CPU
		{8DD82BED-1659-4B21-AFC3-641866D96162}.Release|x86.Build.0 = Release|Any CPU
		{4ABF0969-F2EB-47B8-A175-7463749607A5}.Debug|Any CPU.ActiveCfg = Debug|x64
		{4ABF0969-F2EB-47B8-A175-7463749607A5}.Debug|x64.ActiveCfg = Debug|x64
		{4ABF0969-F2EB-47B8-A175-7463749607A5}.Debug|x64.Build.0 = Debug|x64
		{4ABF0969-F2EB-47B8-A175-7463749607A5}.Debug|x86.ActiveCfg = Debug|x64
		{4ABF0969-F2EB-47B8-A175-7463749607A5}.Release|Any CPU.ActiveCfg = Release|x64
		{4ABF0969-F2EB-47B8-A175-7463749607A5}.Release|x64.ActiveCfg = Release|x64
		{4ABF0969-F2EB-47B8-A175-7463749607A5}.Release|x64.Build.0 = Release|x64
		{4ABF0969-F2EB-47B8-A175-7463749607A5}.Release|x86.ActiveCfg = Release|x64
		{35253CE1-C864-4CD3-8249-4D1319748E8F}.Debug|Any CPU.ActiveCfg = Debug|Any CPU
		{35253CE1-C864-4CD3-8249-4D1319748E8F}.Debug|Any CPU.Build.0 = Debug|Any CPU
		{35253CE1-C864-4CD3-8249-4D1319748E8F}.Debug|x64.ActiveCfg = Debug|x64
		{35253CE1-C864-4CD3-8249-4D1319748E8F}.Debug|x64.Build.0 = Debug|x64
		{35253CE1-C864-4CD3-8249-4D1319748E8F}.Debug|x86.ActiveCfg = Debug|x86
		{35253CE1-C864-4CD3-8249-4D1319748E8F}.Debug|x86.Build.0 = Debug|x86
		{35253CE1-C864-4CD3-8249-4D1319748E8F}.Release|Any CPU.ActiveCfg = Release|Any CPU
		{35253CE1-C864-4CD3-8249-4D1319748E8F}.Release|Any CPU.Build.0 = Release|Any CPU
		{35253CE1-C864-4CD3-8249-4D1319748E8F}.Release|x64.ActiveCfg = Release|x64
		{35253CE1-C864-4CD3-8249-4D1319748E8F}.Release|x64.Build.0 = Release|x64
		{35253CE1-C864-4CD3-8249-4D1319748E8F}.Release|x86.ActiveCfg = Release|x86
		{35253CE1-C864-4CD3-8249-4D1319748E8F}.Release|x86.Build.0 = Release|x86
		{A28C5081-FB6A-4FE8-BAD8-84387C7F8EE5}.Debug|Any CPU.ActiveCfg = Debug|Any CPU
		{A28C5081-FB6A-4FE8-BAD8-84387C7F8EE5}.Debug|Any CPU.Build.0 = Debug|Any CPU
		{A28C5081-FB6A-4FE8-BAD8-84387C7F8EE5}.Debug|x64.ActiveCfg = Debug|x64
		{A28C5081-FB6A-4FE8-BAD8-84387C7F8EE5}.Debug|x64.Build.0 = Debug|x64
		{A28C5081-FB6A-4FE8-BAD8-84387C7F8EE5}.Debug|x86.ActiveCfg = Debug|Any CPU
		{A28C5081-FB6A-4FE8-BAD8-84387C7F8EE5}.Debug|x86.Build.0 = Debug|Any CPU
		{A28C5081-FB6A-4FE8-BAD8-84387C7F8EE5}.Release|Any CPU.ActiveCfg = Release|Any CPU
		{A28C5081-FB6A-4FE8-BAD8-84387C7F8EE5}.Release|Any CPU.Build.0 = Release|Any CPU
		{A28C5081-FB6A-4FE8-BAD8-84387C7F8EE5}.Release|x64.ActiveCfg = Release|x64
		{A28C5081-FB6A-4FE8-BAD8-84387C7F8EE5}.Release|x64.Build.0 = Release|x64
		{A28C5081-FB6A-4FE8-BAD8-84387C7F8EE5}.Release|x86.ActiveCfg = Release|Any CPU
		{A28C5081-FB6A-4FE8-BAD8-84387C7F8EE5}.Release|x86.Build.0 = Release|Any CPU
		{1292600C-788E-42DB-B93C-AEE4736A675B}.Debug|Any CPU.ActiveCfg = Debug|Any CPU
		{1292600C-788E-42DB-B93C-AEE4736A675B}.Debug|Any CPU.Build.0 = Debug|Any CPU
		{1292600C-788E-42DB-B93C-AEE4736A675B}.Debug|x64.ActiveCfg = Debug|x64
		{1292600C-788E-42DB-B93C-AEE4736A675B}.Debug|x64.Build.0 = Debug|x64
		{1292600C-788E-42DB-B93C-AEE4736A675B}.Debug|x86.ActiveCfg = Debug|x86
		{1292600C-788E-42DB-B93C-AEE4736A675B}.Debug|x86.Build.0 = Debug|x86
		{1292600C-788E-42DB-B93C-AEE4736A675B}.Release|Any CPU.ActiveCfg = Release|Any CPU
		{1292600C-788E-42DB-B93C-AEE4736A675B}.Release|Any CPU.Build.0 = Release|Any CPU
		{1292600C-788E-42DB-B93C-AEE4736A675B}.Release|x64.ActiveCfg = Release|x64
		{1292600C-788E-42DB-B93C-AEE4736A675B}.Release|x64.Build.0 = Release|x64
		{1292600C-788E-42DB-B93C-AEE4736A675B}.Release|x86.ActiveCfg = Release|x86
		{1292600C-788E-42DB-B93C-AEE4736A675B}.Release|x86.Build.0 = Release|x86
		{64AD2060-609D-48F9-934B-5E8D30947405}.Debug|Any CPU.ActiveCfg = Debug|Any CPU
		{64AD2060-609D-48F9-934B-5E8D30947405}.Debug|Any CPU.Build.0 = Debug|Any CPU
		{64AD2060-609D-48F9-934B-5E8D30947405}.Debug|x64.ActiveCfg = Debug|Any CPU
		{64AD2060-609D-48F9-934B-5E8D30947405}.Debug|x64.Build.0 = Debug|Any CPU
		{64AD2060-609D-48F9-934B-5E8D30947405}.Debug|x86.ActiveCfg = Debug|Any CPU
		{64AD2060-609D-48F9-934B-5E8D30947405}.Debug|x86.Build.0 = Debug|Any CPU
		{64AD2060-609D-48F9-934B-5E8D30947405}.Release|Any CPU.ActiveCfg = Release|Any CPU
		{64AD2060-609D-48F9-934B-5E8D30947405}.Release|Any CPU.Build.0 = Release|Any CPU
		{64AD2060-609D-48F9-934B-5E8D30947405}.Release|x64.ActiveCfg = Release|Any CPU
		{64AD2060-609D-48F9-934B-5E8D30947405}.Release|x64.Build.0 = Release|Any CPU
		{64AD2060-609D-48F9-934B-5E8D30947405}.Release|x86.ActiveCfg = Release|Any CPU
		{64AD2060-609D-48F9-934B-5E8D30947405}.Release|x86.Build.0 = Release|Any CPU
		{12A44A21-FC67-4D42-8FA0-5AB7932CBA4C}.Debug|Any CPU.ActiveCfg = Debug|Any CPU
		{12A44A21-FC67-4D42-8FA0-5AB7932CBA4C}.Debug|Any CPU.Build.0 = Debug|Any CPU
		{12A44A21-FC67-4D42-8FA0-5AB7932CBA4C}.Debug|x64.ActiveCfg = Debug|Any CPU
		{12A44A21-FC67-4D42-8FA0-5AB7932CBA4C}.Debug|x64.Build.0 = Debug|Any CPU
		{12A44A21-FC67-4D42-8FA0-5AB7932CBA4C}.Debug|x86.ActiveCfg = Debug|Any CPU
		{12A44A21-FC67-4D42-8FA0-5AB7932CBA4C}.Debug|x86.Build.0 = Debug|Any CPU
		{12A44A21-FC67-4D42-8FA0-5AB7932CBA4C}.Release|Any CPU.ActiveCfg = Release|Any CPU
		{12A44A21-FC67-4D42-8FA0-5AB7932CBA4C}.Release|Any CPU.Build.0 = Release|Any CPU
		{12A44A21-FC67-4D42-8FA0-5AB7932CBA4C}.Release|x64.ActiveCfg = Release|Any CPU
		{12A44A21-FC67-4D42-8FA0-5AB7932CBA4C}.Release|x64.Build.0 = Release|Any CPU
		{12A44A21-FC67-4D42-8FA0-5AB7932CBA4C}.Release|x86.ActiveCfg = Release|Any CPU
		{12A44A21-FC67-4D42-8FA0-5AB7932CBA4C}.Release|x86.Build.0 = Release|Any CPU
	EndGlobalSection
	GlobalSection(SolutionProperties) = preSolution
		HideSolutionNode = FALSE
	EndGlobalSection
	GlobalSection(NestedProjects) = preSolution
		{55353D78-D648-45BA-AD21-D6412C2184D6} = {88617894-04DA-43B5-8A02-432F6A2691DA}
		{320C4E5F-87CE-4381-942E-EAA4813CB5D6} = {55353D78-D648-45BA-AD21-D6412C2184D6}
		{74C704D5-F2C9-4381-914D-C5EE695BEA78} = {55353D78-D648-45BA-AD21-D6412C2184D6}
		{C5302D79-F567-4B81-A9D2-8D7FD4C6C165} = {55353D78-D648-45BA-AD21-D6412C2184D6}
		{C4DFD999-3ED1-4541-A8F3-8848064F6551} = {55353D78-D648-45BA-AD21-D6412C2184D6}
		{CF49A207-4E72-4F13-A958-3CC93B4CEE95} = {52EC9732-F832-47F5-8962-31A0971D452F}
		{8DD82BED-1659-4B21-AFC3-641866D96162} = {52EC9732-F832-47F5-8962-31A0971D452F}
		{4ABF0969-F2EB-47B8-A175-7463749607A5} = {A7E7AC60-CDB0-48F4-B982-A370705B16DA}
		{35253CE1-C864-4CD3-8249-4D1319748E8F} = {A7E7AC60-CDB0-48F4-B982-A370705B16DA}
		{A28C5081-FB6A-4FE8-BAD8-84387C7F8EE5} = {A7E7AC60-CDB0-48F4-B982-A370705B16DA}
		{1292600C-788E-42DB-B93C-AEE4736A675B} = {A7E7AC60-CDB0-48F4-B982-A370705B16DA}
		{64AD2060-609D-48F9-934B-5E8D30947405} = {1E2FF976-9660-4D1D-973D-19CF11EDFCD4}
		{12A44A21-FC67-4D42-8FA0-5AB7932CBA4C} = {1E2FF976-9660-4D1D-973D-19CF11EDFCD4}
	EndGlobalSection
	GlobalSection(ExtensibilityGlobals) = postSolution
		SolutionGuid = {5081EA36-0886-4BA3-ABD2-DD5D453B49FF}
	EndGlobalSection
EndGlobal
