
Microsoft Visual Studio Solution File, Format Version 12.00
# Visual Studio Version 16
VisualStudioVersion = 16.0.31112.23
MinimumVisualStudioVersion = 10.0.40219.1
Project("{2150E333-8FDC-42A3-9474-1A3956D46DE8}") = "FNA", "FNA", "{A7E7AC60-CDB0-48F4-B982-A370705B16DA}"
EndProject
Project("{2150E333-8FDC-42A3-9474-1A3956D46DE8}") = "MonoGame", "MonoGame", "{1E2FF976-9660-4D1D-973D-19CF11EDFCD4}"
EndProject
Project("{9A19103F-16F7-4668-BE54-9A1E7A4F7556}") = "Velentr.Input.Core", "Velentr.Input.Core\Velentr.Input.Core.csproj", "{64019280-18BF-437B-82DA-0365DBC2DABC}"
EndProject
Project("{9A19103F-16F7-4668-BE54-9A1E7A4F7556}") = "FNA.Core", "..\FNA\FNA.Core.csproj", "{C868B83E-EAE9-4DCD-AFB8-F8C7B8D4DDAB}"
EndProject
Project("{FAE04EC0-301F-11D3-BF4B-00C04F79EFBC}") = "FNA", "..\FNA\FNA.csproj", "{35253CE1-C864-4CD3-8249-4D1319748E8F}"
EndProject
Project("{2150E333-8FDC-42A3-9474-1A3956D46DE8}") = "VoiceEngines", "VoiceEngines", "{88617894-04DA-43B5-8A02-432F6A2691DA}"
EndProject
Project("{2150E333-8FDC-42A3-9474-1A3956D46DE8}") = "SystemSpeech", "SystemSpeech", "{55353D78-D648-45BA-AD21-D6412C2184D6}"
EndProject
Project("{9A19103F-16F7-4668-BE54-9A1E7A4F7556}") = "Velentr.Input.FNA", "FNA\Velentr.Input.FNA\Velentr.Input.FNA.csproj", "{BE35BAEF-0400-46A1-8703-4490636FCD52}"
EndProject
Project("{9A19103F-16F7-4668-BE54-9A1E7A4F7556}") = "Velentr.Input.FNA.DevEnv", "FNA\Velentr.Input.FNA.DevEnv\Velentr.Input.FNA.DevEnv.csproj", "{E367C2B0-78C8-459A-8F23-ED43D22DF975}"
EndProject
Project("{9A19103F-16F7-4668-BE54-9A1E7A4F7556}") = "Velentr.Input.Monogame", "Monogame\Velentr.Input.Monogame\Velentr.Input.Monogame.csproj", "{256D2BE6-0DF8-4D08-A4DB-749514F8646D}"
EndProject
Project("{9A19103F-16F7-4668-BE54-9A1E7A4F7556}") = "Velentr.Input.Monogame.DevEnv", "Monogame\Velentr.Input.Monogame.DevEnv\Velentr.Input.Monogame.DevEnv.csproj", "{C5A937AF-8CFB-41C6-BD66-944CC4EFBEED}"
EndProject
Project("{9A19103F-16F7-4668-BE54-9A1E7A4F7556}") = "Velentr.Input.Core.SystemSpeech", "VoiceEngines\SystemSpeech\Velentr.Input.Core.SystemSpeech\Velentr.Input.Core.SystemSpeech.csproj", "{0198CC55-205B-4043-98DC-A826CABD2F97}"
EndProject
Project("{9A19103F-16F7-4668-BE54-9A1E7A4F7556}") = "Velentr.Input.FNA.SystemSpeech", "VoiceEngines\SystemSpeech\Velentr.Input.FNA.SystemSpeech\Velentr.Input.FNA.SystemSpeech.csproj", "{320C4E5F-87CE-4381-942E-EAA4813CB5D6}"
EndProject
Project("{9A19103F-16F7-4668-BE54-9A1E7A4F7556}") = "Velentr.Input.Monogame.SystemSpeech", "VoiceEngines\SystemSpeech\Velentr.Input.Monogame.SystemSpeech\Velentr.Input.Monogame.SystemSpeech.csproj", "{74C704D5-F2C9-4381-914D-C5EE695BEA78}"
EndProject
Project("{9A19103F-16F7-4668-BE54-9A1E7A4F7556}") = "Velentr.Input.Core.DevEnv", "Velentr.Input.Core.DevEnv\Velentr.Input.Core.DevEnv.csproj", "{AE3F9C89-DEC8-4C80-8DB1-B399D9DFB999}"
EndProject
Project("{9A19103F-16F7-4668-BE54-9A1E7A4F7556}") = "Velentr.Input.SystemSpeech.DevEnv", "VoiceEngines\SystemSpeech\Velentr.Input.SystemSpeech.DevEnv\Velentr.Input.SystemSpeech.DevEnv.csproj", "{C5302D79-F567-4B81-A9D2-8D7FD4C6C165}"
EndProject
Project("{2150E333-8FDC-42A3-9474-1A3956D46DE8}") = "SolutionItems", "SolutionItems", "{18A938E8-0CEC-4EFC-B10D-A992A52B9BD9}"
	ProjectSection(SolutionItems) = preProject
		..\.gitignore = ..\.gitignore
		..\.gitmodules = ..\.gitmodules
		..\CODEOWNERS = ..\CODEOWNERS
		..\LICENSE = ..\LICENSE
		..\README.md = ..\README.md
	EndProjectSection
EndProject
Global
	GlobalSection(SolutionConfigurationPlatforms) = preSolution
		Debug|Any CPU = Debug|Any CPU
		Debug|x64 = Debug|x64
		Debug|x86 = Debug|x86
		Release|Any CPU = Release|Any CPU
		Release|x64 = Release|x64
		Release|x86 = Release|x86
	EndGlobalSection
	GlobalSection(ProjectConfigurationPlatforms) = postSolution
		{64019280-18BF-437B-82DA-0365DBC2DABC}.Debug|Any CPU.ActiveCfg = Debug|Any CPU
		{64019280-18BF-437B-82DA-0365DBC2DABC}.Debug|Any CPU.Build.0 = Debug|Any CPU
		{64019280-18BF-437B-82DA-0365DBC2DABC}.Debug|x64.ActiveCfg = Debug|Any CPU
		{64019280-18BF-437B-82DA-0365DBC2DABC}.Debug|x64.Build.0 = Debug|Any CPU
		{64019280-18BF-437B-82DA-0365DBC2DABC}.Debug|x86.ActiveCfg = Debug|Any CPU
		{64019280-18BF-437B-82DA-0365DBC2DABC}.Debug|x86.Build.0 = Debug|Any CPU
		{64019280-18BF-437B-82DA-0365DBC2DABC}.Release|Any CPU.ActiveCfg = Release|Any CPU
		{64019280-18BF-437B-82DA-0365DBC2DABC}.Release|Any CPU.Build.0 = Release|Any CPU
		{64019280-18BF-437B-82DA-0365DBC2DABC}.Release|x64.ActiveCfg = Release|Any CPU
		{64019280-18BF-437B-82DA-0365DBC2DABC}.Release|x64.Build.0 = Release|Any CPU
		{64019280-18BF-437B-82DA-0365DBC2DABC}.Release|x86.ActiveCfg = Release|Any CPU
		{64019280-18BF-437B-82DA-0365DBC2DABC}.Release|x86.Build.0 = Release|Any CPU
		{C868B83E-EAE9-4DCD-AFB8-F8C7B8D4DDAB}.Debug|Any CPU.ActiveCfg = Debug|x64
		{C868B83E-EAE9-4DCD-AFB8-F8C7B8D4DDAB}.Debug|Any CPU.Build.0 = Debug|x64
		{C868B83E-EAE9-4DCD-AFB8-F8C7B8D4DDAB}.Debug|x64.ActiveCfg = Debug|x64
		{C868B83E-EAE9-4DCD-AFB8-F8C7B8D4DDAB}.Debug|x64.Build.0 = Debug|x64
		{C868B83E-EAE9-4DCD-AFB8-F8C7B8D4DDAB}.Debug|x86.ActiveCfg = Debug|x64
		{C868B83E-EAE9-4DCD-AFB8-F8C7B8D4DDAB}.Release|Any CPU.ActiveCfg = Release|x64
		{C868B83E-EAE9-4DCD-AFB8-F8C7B8D4DDAB}.Release|x64.ActiveCfg = Release|x64
		{C868B83E-EAE9-4DCD-AFB8-F8C7B8D4DDAB}.Release|x64.Build.0 = Release|x64
		{C868B83E-EAE9-4DCD-AFB8-F8C7B8D4DDAB}.Release|x86.ActiveCfg = Release|x64
		{35253CE1-C864-4CD3-8249-4D1319748E8F}.Debug|Any CPU.ActiveCfg = Debug|Any CPU
		{35253CE1-C864-4CD3-8249-4D1319748E8F}.Debug|Any CPU.Build.0 = Debug|Any CPU
		{35253CE1-C864-4CD3-8249-4D1319748E8F}.Debug|x64.ActiveCfg = Debug|Any CPU
		{35253CE1-C864-4CD3-8249-4D1319748E8F}.Debug|x64.Build.0 = Debug|Any CPU
		{35253CE1-C864-4CD3-8249-4D1319748E8F}.Debug|x86.ActiveCfg = Debug|Any CPU
		{35253CE1-C864-4CD3-8249-4D1319748E8F}.Debug|x86.Build.0 = Debug|Any CPU
		{35253CE1-C864-4CD3-8249-4D1319748E8F}.Release|Any CPU.ActiveCfg = Release|x64
		{35253CE1-C864-4CD3-8249-4D1319748E8F}.Release|Any CPU.Build.0 = Release|x64
		{35253CE1-C864-4CD3-8249-4D1319748E8F}.Release|x64.ActiveCfg = Release|x64
		{35253CE1-C864-4CD3-8249-4D1319748E8F}.Release|x64.Build.0 = Release|x64
		{35253CE1-C864-4CD3-8249-4D1319748E8F}.Release|x86.ActiveCfg = Release|x86
		{35253CE1-C864-4CD3-8249-4D1319748E8F}.Release|x86.Build.0 = Release|x86
		{BE35BAEF-0400-46A1-8703-4490636FCD52}.Debug|Any CPU.ActiveCfg = Debug|Any CPU
		{BE35BAEF-0400-46A1-8703-4490636FCD52}.Debug|Any CPU.Build.0 = Debug|Any CPU
		{BE35BAEF-0400-46A1-8703-4490636FCD52}.Debug|x64.ActiveCfg = Debug|x64
		{BE35BAEF-0400-46A1-8703-4490636FCD52}.Debug|x64.Build.0 = Debug|x64
		{BE35BAEF-0400-46A1-8703-4490636FCD52}.Debug|x86.ActiveCfg = Debug|Any CPU
		{BE35BAEF-0400-46A1-8703-4490636FCD52}.Debug|x86.Build.0 = Debug|Any CPU
		{BE35BAEF-0400-46A1-8703-4490636FCD52}.Release|Any CPU.ActiveCfg = Release|Any CPU
		{BE35BAEF-0400-46A1-8703-4490636FCD52}.Release|Any CPU.Build.0 = Release|Any CPU
		{BE35BAEF-0400-46A1-8703-4490636FCD52}.Release|x64.ActiveCfg = Release|x64
		{BE35BAEF-0400-46A1-8703-4490636FCD52}.Release|x64.Build.0 = Release|x64
		{BE35BAEF-0400-46A1-8703-4490636FCD52}.Release|x86.ActiveCfg = Release|Any CPU
		{BE35BAEF-0400-46A1-8703-4490636FCD52}.Release|x86.Build.0 = Release|Any CPU
		{E367C2B0-78C8-459A-8F23-ED43D22DF975}.Debug|Any CPU.ActiveCfg = Debug|Any CPU
		{E367C2B0-78C8-459A-8F23-ED43D22DF975}.Debug|Any CPU.Build.0 = Debug|Any CPU
		{E367C2B0-78C8-459A-8F23-ED43D22DF975}.Debug|x64.ActiveCfg = Debug|x64
		{E367C2B0-78C8-459A-8F23-ED43D22DF975}.Debug|x64.Build.0 = Debug|x64
		{E367C2B0-78C8-459A-8F23-ED43D22DF975}.Debug|x86.ActiveCfg = Debug|x86
		{E367C2B0-78C8-459A-8F23-ED43D22DF975}.Debug|x86.Build.0 = Debug|x86
		{E367C2B0-78C8-459A-8F23-ED43D22DF975}.Release|Any CPU.ActiveCfg = Release|Any CPU
		{E367C2B0-78C8-459A-8F23-ED43D22DF975}.Release|Any CPU.Build.0 = Release|Any CPU
		{E367C2B0-78C8-459A-8F23-ED43D22DF975}.Release|x64.ActiveCfg = Release|x64
		{E367C2B0-78C8-459A-8F23-ED43D22DF975}.Release|x64.Build.0 = Release|x64
		{E367C2B0-78C8-459A-8F23-ED43D22DF975}.Release|x86.ActiveCfg = Release|x86
		{E367C2B0-78C8-459A-8F23-ED43D22DF975}.Release|x86.Build.0 = Release|x86
		{256D2BE6-0DF8-4D08-A4DB-749514F8646D}.Debug|Any CPU.ActiveCfg = Debug|Any CPU
		{256D2BE6-0DF8-4D08-A4DB-749514F8646D}.Debug|Any CPU.Build.0 = Debug|Any CPU
		{256D2BE6-0DF8-4D08-A4DB-749514F8646D}.Debug|x64.ActiveCfg = Debug|Any CPU
		{256D2BE6-0DF8-4D08-A4DB-749514F8646D}.Debug|x64.Build.0 = Debug|Any CPU
		{256D2BE6-0DF8-4D08-A4DB-749514F8646D}.Debug|x86.ActiveCfg = Debug|Any CPU
		{256D2BE6-0DF8-4D08-A4DB-749514F8646D}.Debug|x86.Build.0 = Debug|Any CPU
		{256D2BE6-0DF8-4D08-A4DB-749514F8646D}.Release|Any CPU.ActiveCfg = Release|Any CPU
		{256D2BE6-0DF8-4D08-A4DB-749514F8646D}.Release|Any CPU.Build.0 = Release|Any CPU
		{256D2BE6-0DF8-4D08-A4DB-749514F8646D}.Release|x64.ActiveCfg = Release|Any CPU
		{256D2BE6-0DF8-4D08-A4DB-749514F8646D}.Release|x64.Build.0 = Release|Any CPU
		{256D2BE6-0DF8-4D08-A4DB-749514F8646D}.Release|x86.ActiveCfg = Release|Any CPU
		{256D2BE6-0DF8-4D08-A4DB-749514F8646D}.Release|x86.Build.0 = Release|Any CPU
		{C5A937AF-8CFB-41C6-BD66-944CC4EFBEED}.Debug|Any CPU.ActiveCfg = Debug|Any CPU
		{C5A937AF-8CFB-41C6-BD66-944CC4EFBEED}.Debug|Any CPU.Build.0 = Debug|Any CPU
		{C5A937AF-8CFB-41C6-BD66-944CC4EFBEED}.Debug|x64.ActiveCfg = Debug|Any CPU
		{C5A937AF-8CFB-41C6-BD66-944CC4EFBEED}.Debug|x64.Build.0 = Debug|Any CPU
		{C5A937AF-8CFB-41C6-BD66-944CC4EFBEED}.Debug|x86.ActiveCfg = Debug|Any CPU
		{C5A937AF-8CFB-41C6-BD66-944CC4EFBEED}.Debug|x86.Build.0 = Debug|Any CPU
		{C5A937AF-8CFB-41C6-BD66-944CC4EFBEED}.Release|Any CPU.ActiveCfg = Release|Any CPU
		{C5A937AF-8CFB-41C6-BD66-944CC4EFBEED}.Release|Any CPU.Build.0 = Release|Any CPU
		{C5A937AF-8CFB-41C6-BD66-944CC4EFBEED}.Release|x64.ActiveCfg = Release|Any CPU
		{C5A937AF-8CFB-41C6-BD66-944CC4EFBEED}.Release|x64.Build.0 = Release|Any CPU
		{C5A937AF-8CFB-41C6-BD66-944CC4EFBEED}.Release|x86.ActiveCfg = Release|Any CPU
		{C5A937AF-8CFB-41C6-BD66-944CC4EFBEED}.Release|x86.Build.0 = Release|Any CPU
		{0198CC55-205B-4043-98DC-A826CABD2F97}.Debug|Any CPU.ActiveCfg = Debug|Any CPU
		{0198CC55-205B-4043-98DC-A826CABD2F97}.Debug|Any CPU.Build.0 = Debug|Any CPU
		{0198CC55-205B-4043-98DC-A826CABD2F97}.Debug|x64.ActiveCfg = Debug|Any CPU
		{0198CC55-205B-4043-98DC-A826CABD2F97}.Debug|x64.Build.0 = Debug|Any CPU
		{0198CC55-205B-4043-98DC-A826CABD2F97}.Debug|x86.ActiveCfg = Debug|Any CPU
		{0198CC55-205B-4043-98DC-A826CABD2F97}.Debug|x86.Build.0 = Debug|Any CPU
		{0198CC55-205B-4043-98DC-A826CABD2F97}.Release|Any CPU.ActiveCfg = Release|Any CPU
		{0198CC55-205B-4043-98DC-A826CABD2F97}.Release|Any CPU.Build.0 = Release|Any CPU
		{0198CC55-205B-4043-98DC-A826CABD2F97}.Release|x64.ActiveCfg = Release|Any CPU
		{0198CC55-205B-4043-98DC-A826CABD2F97}.Release|x64.Build.0 = Release|Any CPU
		{0198CC55-205B-4043-98DC-A826CABD2F97}.Release|x86.ActiveCfg = Release|Any CPU
		{0198CC55-205B-4043-98DC-A826CABD2F97}.Release|x86.Build.0 = Release|Any CPU
		{320C4E5F-87CE-4381-942E-EAA4813CB5D6}.Debug|Any CPU.ActiveCfg = Debug|Any CPU
		{320C4E5F-87CE-4381-942E-EAA4813CB5D6}.Debug|Any CPU.Build.0 = Debug|Any CPU
		{320C4E5F-87CE-4381-942E-EAA4813CB5D6}.Debug|x64.ActiveCfg = Debug|Any CPU
		{320C4E5F-87CE-4381-942E-EAA4813CB5D6}.Debug|x64.Build.0 = Debug|Any CPU
		{320C4E5F-87CE-4381-942E-EAA4813CB5D6}.Debug|x86.ActiveCfg = Debug|Any CPU
		{320C4E5F-87CE-4381-942E-EAA4813CB5D6}.Debug|x86.Build.0 = Debug|Any CPU
		{320C4E5F-87CE-4381-942E-EAA4813CB5D6}.Release|Any CPU.ActiveCfg = Release|Any CPU
		{320C4E5F-87CE-4381-942E-EAA4813CB5D6}.Release|Any CPU.Build.0 = Release|Any CPU
		{320C4E5F-87CE-4381-942E-EAA4813CB5D6}.Release|x64.ActiveCfg = Release|Any CPU
		{320C4E5F-87CE-4381-942E-EAA4813CB5D6}.Release|x64.Build.0 = Release|Any CPU
		{320C4E5F-87CE-4381-942E-EAA4813CB5D6}.Release|x86.ActiveCfg = Release|Any CPU
		{320C4E5F-87CE-4381-942E-EAA4813CB5D6}.Release|x86.Build.0 = Release|Any CPU
		{74C704D5-F2C9-4381-914D-C5EE695BEA78}.Debug|Any CPU.ActiveCfg = Debug|Any CPU
		{74C704D5-F2C9-4381-914D-C5EE695BEA78}.Debug|Any CPU.Build.0 = Debug|Any CPU
		{74C704D5-F2C9-4381-914D-C5EE695BEA78}.Debug|x64.ActiveCfg = Debug|Any CPU
		{74C704D5-F2C9-4381-914D-C5EE695BEA78}.Debug|x64.Build.0 = Debug|Any CPU
		{74C704D5-F2C9-4381-914D-C5EE695BEA78}.Debug|x86.ActiveCfg = Debug|Any CPU
		{74C704D5-F2C9-4381-914D-C5EE695BEA78}.Debug|x86.Build.0 = Debug|Any CPU
		{74C704D5-F2C9-4381-914D-C5EE695BEA78}.Release|Any CPU.ActiveCfg = Release|Any CPU
		{74C704D5-F2C9-4381-914D-C5EE695BEA78}.Release|Any CPU.Build.0 = Release|Any CPU
		{74C704D5-F2C9-4381-914D-C5EE695BEA78}.Release|x64.ActiveCfg = Release|Any CPU
		{74C704D5-F2C9-4381-914D-C5EE695BEA78}.Release|x64.Build.0 = Release|Any CPU
		{74C704D5-F2C9-4381-914D-C5EE695BEA78}.Release|x86.ActiveCfg = Release|Any CPU
		{74C704D5-F2C9-4381-914D-C5EE695BEA78}.Release|x86.Build.0 = Release|Any CPU
		{AE3F9C89-DEC8-4C80-8DB1-B399D9DFB999}.Debug|Any CPU.ActiveCfg = Debug|Any CPU
		{AE3F9C89-DEC8-4C80-8DB1-B399D9DFB999}.Debug|Any CPU.Build.0 = Debug|Any CPU
		{AE3F9C89-DEC8-4C80-8DB1-B399D9DFB999}.Debug|x64.ActiveCfg = Debug|Any CPU
		{AE3F9C89-DEC8-4C80-8DB1-B399D9DFB999}.Debug|x64.Build.0 = Debug|Any CPU
		{AE3F9C89-DEC8-4C80-8DB1-B399D9DFB999}.Debug|x86.ActiveCfg = Debug|Any CPU
		{AE3F9C89-DEC8-4C80-8DB1-B399D9DFB999}.Debug|x86.Build.0 = Debug|Any CPU
		{AE3F9C89-DEC8-4C80-8DB1-B399D9DFB999}.Release|Any CPU.ActiveCfg = Release|Any CPU
		{AE3F9C89-DEC8-4C80-8DB1-B399D9DFB999}.Release|Any CPU.Build.0 = Release|Any CPU
		{AE3F9C89-DEC8-4C80-8DB1-B399D9DFB999}.Release|x64.ActiveCfg = Release|Any CPU
		{AE3F9C89-DEC8-4C80-8DB1-B399D9DFB999}.Release|x64.Build.0 = Release|Any CPU
		{AE3F9C89-DEC8-4C80-8DB1-B399D9DFB999}.Release|x86.ActiveCfg = Release|Any CPU
		{AE3F9C89-DEC8-4C80-8DB1-B399D9DFB999}.Release|x86.Build.0 = Release|Any CPU
		{C5302D79-F567-4B81-A9D2-8D7FD4C6C165}.Debug|Any CPU.ActiveCfg = Debug|Any CPU
		{C5302D79-F567-4B81-A9D2-8D7FD4C6C165}.Debug|Any CPU.Build.0 = Debug|Any CPU
		{C5302D79-F567-4B81-A9D2-8D7FD4C6C165}.Debug|x64.ActiveCfg = Debug|Any CPU
		{C5302D79-F567-4B81-A9D2-8D7FD4C6C165}.Debug|x64.Build.0 = Debug|Any CPU
		{C5302D79-F567-4B81-A9D2-8D7FD4C6C165}.Debug|x86.ActiveCfg = Debug|Any CPU
		{C5302D79-F567-4B81-A9D2-8D7FD4C6C165}.Debug|x86.Build.0 = Debug|Any CPU
		{C5302D79-F567-4B81-A9D2-8D7FD4C6C165}.Release|Any CPU.ActiveCfg = Release|Any CPU
		{C5302D79-F567-4B81-A9D2-8D7FD4C6C165}.Release|Any CPU.Build.0 = Release|Any CPU
		{C5302D79-F567-4B81-A9D2-8D7FD4C6C165}.Release|x64.ActiveCfg = Release|Any CPU
		{C5302D79-F567-4B81-A9D2-8D7FD4C6C165}.Release|x64.Build.0 = Release|Any CPU
		{C5302D79-F567-4B81-A9D2-8D7FD4C6C165}.Release|x86.ActiveCfg = Release|Any CPU
		{C5302D79-F567-4B81-A9D2-8D7FD4C6C165}.Release|x86.Build.0 = Release|Any CPU
	EndGlobalSection
	GlobalSection(SolutionProperties) = preSolution
		HideSolutionNode = FALSE
	EndGlobalSection
	GlobalSection(NestedProjects) = preSolution
		{C868B83E-EAE9-4DCD-AFB8-F8C7B8D4DDAB} = {A7E7AC60-CDB0-48F4-B982-A370705B16DA}
		{35253CE1-C864-4CD3-8249-4D1319748E8F} = {A7E7AC60-CDB0-48F4-B982-A370705B16DA}
		{55353D78-D648-45BA-AD21-D6412C2184D6} = {88617894-04DA-43B5-8A02-432F6A2691DA}
		{BE35BAEF-0400-46A1-8703-4490636FCD52} = {A7E7AC60-CDB0-48F4-B982-A370705B16DA}
		{E367C2B0-78C8-459A-8F23-ED43D22DF975} = {A7E7AC60-CDB0-48F4-B982-A370705B16DA}
		{256D2BE6-0DF8-4D08-A4DB-749514F8646D} = {1E2FF976-9660-4D1D-973D-19CF11EDFCD4}
		{C5A937AF-8CFB-41C6-BD66-944CC4EFBEED} = {1E2FF976-9660-4D1D-973D-19CF11EDFCD4}
		{0198CC55-205B-4043-98DC-A826CABD2F97} = {55353D78-D648-45BA-AD21-D6412C2184D6}
		{320C4E5F-87CE-4381-942E-EAA4813CB5D6} = {55353D78-D648-45BA-AD21-D6412C2184D6}
		{74C704D5-F2C9-4381-914D-C5EE695BEA78} = {55353D78-D648-45BA-AD21-D6412C2184D6}
		{C5302D79-F567-4B81-A9D2-8D7FD4C6C165} = {55353D78-D648-45BA-AD21-D6412C2184D6}
	EndGlobalSection
	GlobalSection(ExtensibilityGlobals) = postSolution
		SolutionGuid = {5081EA36-0886-4BA3-ABD2-DD5D453B49FF}
	EndGlobalSection
EndGlobal
