
Microsoft Visual Studio Solution File, Format Version 12.00
# Visual Studio Version 16
VisualStudioVersion = 16.0.31112.23
MinimumVisualStudioVersion = 10.0.40219.1
Project("{2150E333-8FDC-42A3-9474-1A3956D46DE8}") = "SolutionItems", "SolutionItems", "{A2B27B02-EA38-4E56-BC09-A8A5A7789B3F}"
	ProjectSection(SolutionItems) = preProject
		..\.gitignore = ..\.gitignore
		..\.gitmodules = ..\.gitmodules
		..\LICENSE = ..\LICENSE
		..\README.md = ..\README.md
	EndProjectSection
EndProject
Project("{2150E333-8FDC-42A3-9474-1A3956D46DE8}") = "FNA", "FNA", "{A7E7AC60-CDB0-48F4-B982-A370705B16DA}"
EndProject
Project("{2150E333-8FDC-42A3-9474-1A3956D46DE8}") = "MonoGame", "MonoGame", "{1E2FF976-9660-4D1D-973D-19CF11EDFCD4}"
EndProject
Project("{9A19103F-16F7-4668-BE54-9A1E7A4F7556}") = "Velentr.Input.Core", "Velentr.Input.Core\Velentr.Input.Core.csproj", "{64019280-18BF-437B-82DA-0365DBC2DABC}"
EndProject
Project("{9A19103F-16F7-4668-BE54-9A1E7A4F7556}") = "Velentr.Input.Monogame", "Velentr.Input.Monogame\Velentr.Input.Monogame.csproj", "{3A86225A-9B57-4D56-A780-1B3574B6346E}"
EndProject
Project("{9A19103F-16F7-4668-BE54-9A1E7A4F7556}") = "Velentr.Input.Monogame.DevEnv", "Velentr.Input.Monogame.DevEnv\Velentr.Input.Monogame.DevEnv.csproj", "{655C5539-2CB7-4898-9A14-9CEEDCD41AF3}"
EndProject
Project("{9A19103F-16F7-4668-BE54-9A1E7A4F7556}") = "Velentr.Input.FNA", "Velentr.Input.FNA\Velentr.Input.FNA.csproj", "{9DA10741-A98C-4602-91F6-F6564B314C00}"
EndProject
Project("{9A19103F-16F7-4668-BE54-9A1E7A4F7556}") = "FNA.Core", "..\FNA\FNA.Core.csproj", "{C868B83E-EAE9-4DCD-AFB8-F8C7B8D4DDAB}"
EndProject
Project("{FAE04EC0-301F-11D3-BF4B-00C04F79EFBC}") = "FNA", "..\FNA\FNA.csproj", "{35253CE1-C864-4CD3-8249-4D1319748E8F}"
EndProject
Project("{9A19103F-16F7-4668-BE54-9A1E7A4F7556}") = "Velentr.Input.FNA.DevEnv", "Velentr.Input.FNA.DevEnv\Velentr.Input.FNA.DevEnv.csproj", "{F847C49A-C292-422C-803A-170251AEA87F}"
EndProject
Global
	GlobalSection(SolutionConfigurationPlatforms) = preSolution
		Debug|Any CPU = Debug|Any CPU
		Debug|x64 = Debug|x64
		Debug|x86 = Debug|x86
		Release|Any CPU = Release|Any CPU
		Release|x64 = Release|x64
		Release|x86 = Release|x86
	EndGlobalSection
	GlobalSection(ProjectConfigurationPlatforms) = postSolution
		{64019280-18BF-437B-82DA-0365DBC2DABC}.Debug|Any CPU.ActiveCfg = Debug|Any CPU
		{64019280-18BF-437B-82DA-0365DBC2DABC}.Debug|Any CPU.Build.0 = Debug|Any CPU
		{64019280-18BF-437B-82DA-0365DBC2DABC}.Debug|x64.ActiveCfg = Debug|Any CPU
		{64019280-18BF-437B-82DA-0365DBC2DABC}.Debug|x64.Build.0 = Debug|Any CPU
		{64019280-18BF-437B-82DA-0365DBC2DABC}.Debug|x86.ActiveCfg = Debug|Any CPU
		{64019280-18BF-437B-82DA-0365DBC2DABC}.Debug|x86.Build.0 = Debug|Any CPU
		{64019280-18BF-437B-82DA-0365DBC2DABC}.Release|Any CPU.ActiveCfg = Release|Any CPU
		{64019280-18BF-437B-82DA-0365DBC2DABC}.Release|Any CPU.Build.0 = Release|Any CPU
		{64019280-18BF-437B-82DA-0365DBC2DABC}.Release|x64.ActiveCfg = Release|Any CPU
		{64019280-18BF-437B-82DA-0365DBC2DABC}.Release|x64.Build.0 = Release|Any CPU
		{64019280-18BF-437B-82DA-0365DBC2DABC}.Release|x86.ActiveCfg = Release|Any CPU
		{64019280-18BF-437B-82DA-0365DBC2DABC}.Release|x86.Build.0 = Release|Any CPU
		{3A86225A-9B57-4D56-A780-1B3574B6346E}.Debug|Any CPU.ActiveCfg = Debug|Any CPU
		{3A86225A-9B57-4D56-A780-1B3574B6346E}.Debug|Any CPU.Build.0 = Debug|Any CPU
		{3A86225A-9B57-4D56-A780-1B3574B6346E}.Debug|x64.ActiveCfg = Debug|Any CPU
		{3A86225A-9B57-4D56-A780-1B3574B6346E}.Debug|x64.Build.0 = Debug|Any CPU
		{3A86225A-9B57-4D56-A780-1B3574B6346E}.Debug|x86.ActiveCfg = Debug|Any CPU
		{3A86225A-9B57-4D56-A780-1B3574B6346E}.Debug|x86.Build.0 = Debug|Any CPU
		{3A86225A-9B57-4D56-A780-1B3574B6346E}.Release|Any CPU.ActiveCfg = Release|Any CPU
		{3A86225A-9B57-4D56-A780-1B3574B6346E}.Release|Any CPU.Build.0 = Release|Any CPU
		{3A86225A-9B57-4D56-A780-1B3574B6346E}.Release|x64.ActiveCfg = Release|Any CPU
		{3A86225A-9B57-4D56-A780-1B3574B6346E}.Release|x64.Build.0 = Release|Any CPU
		{3A86225A-9B57-4D56-A780-1B3574B6346E}.Release|x86.ActiveCfg = Release|Any CPU
		{3A86225A-9B57-4D56-A780-1B3574B6346E}.Release|x86.Build.0 = Release|Any CPU
		{655C5539-2CB7-4898-9A14-9CEEDCD41AF3}.Debug|Any CPU.ActiveCfg = Debug|Any CPU
		{655C5539-2CB7-4898-9A14-9CEEDCD41AF3}.Debug|Any CPU.Build.0 = Debug|Any CPU
		{655C5539-2CB7-4898-9A14-9CEEDCD41AF3}.Debug|x64.ActiveCfg = Debug|Any CPU
		{655C5539-2CB7-4898-9A14-9CEEDCD41AF3}.Debug|x64.Build.0 = Debug|Any CPU
		{655C5539-2CB7-4898-9A14-9CEEDCD41AF3}.Debug|x86.ActiveCfg = Debug|Any CPU
		{655C5539-2CB7-4898-9A14-9CEEDCD41AF3}.Debug|x86.Build.0 = Debug|Any CPU
		{655C5539-2CB7-4898-9A14-9CEEDCD41AF3}.Release|Any CPU.ActiveCfg = Release|Any CPU
		{655C5539-2CB7-4898-9A14-9CEEDCD41AF3}.Release|Any CPU.Build.0 = Release|Any CPU
		{655C5539-2CB7-4898-9A14-9CEEDCD41AF3}.Release|x64.ActiveCfg = Release|Any CPU
		{655C5539-2CB7-4898-9A14-9CEEDCD41AF3}.Release|x64.Build.0 = Release|Any CPU
		{655C5539-2CB7-4898-9A14-9CEEDCD41AF3}.Release|x86.ActiveCfg = Release|Any CPU
		{655C5539-2CB7-4898-9A14-9CEEDCD41AF3}.Release|x86.Build.0 = Release|Any CPU
		{9DA10741-A98C-4602-91F6-F6564B314C00}.Debug|Any CPU.ActiveCfg = Debug|Any CPU
		{9DA10741-A98C-4602-91F6-F6564B314C00}.Debug|Any CPU.Build.0 = Debug|Any CPU
		{9DA10741-A98C-4602-91F6-F6564B314C00}.Debug|x64.ActiveCfg = Debug|Any CPU
		{9DA10741-A98C-4602-91F6-F6564B314C00}.Debug|x64.Build.0 = Debug|Any CPU
		{9DA10741-A98C-4602-91F6-F6564B314C00}.Debug|x86.ActiveCfg = Debug|Any CPU
		{9DA10741-A98C-4602-91F6-F6564B314C00}.Debug|x86.Build.0 = Debug|Any CPU
		{9DA10741-A98C-4602-91F6-F6564B314C00}.Release|Any CPU.ActiveCfg = Release|Any CPU
		{9DA10741-A98C-4602-91F6-F6564B314C00}.Release|Any CPU.Build.0 = Release|Any CPU
		{9DA10741-A98C-4602-91F6-F6564B314C00}.Release|x64.ActiveCfg = Release|Any CPU
		{9DA10741-A98C-4602-91F6-F6564B314C00}.Release|x64.Build.0 = Release|Any CPU
		{9DA10741-A98C-4602-91F6-F6564B314C00}.Release|x86.ActiveCfg = Release|Any CPU
		{9DA10741-A98C-4602-91F6-F6564B314C00}.Release|x86.Build.0 = Release|Any CPU
		{C868B83E-EAE9-4DCD-AFB8-F8C7B8D4DDAB}.Debug|Any CPU.ActiveCfg = Debug|x64
		{C868B83E-EAE9-4DCD-AFB8-F8C7B8D4DDAB}.Debug|Any CPU.Build.0 = Debug|x64
		{C868B83E-EAE9-4DCD-AFB8-F8C7B8D4DDAB}.Debug|x64.ActiveCfg = Debug|x64
		{C868B83E-EAE9-4DCD-AFB8-F8C7B8D4DDAB}.Debug|x64.Build.0 = Debug|x64
		{C868B83E-EAE9-4DCD-AFB8-F8C7B8D4DDAB}.Debug|x86.ActiveCfg = Debug|x64
		{C868B83E-EAE9-4DCD-AFB8-F8C7B8D4DDAB}.Release|Any CPU.ActiveCfg = Release|x64
		{C868B83E-EAE9-4DCD-AFB8-F8C7B8D4DDAB}.Release|x64.ActiveCfg = Release|x64
		{C868B83E-EAE9-4DCD-AFB8-F8C7B8D4DDAB}.Release|x64.Build.0 = Release|x64
		{C868B83E-EAE9-4DCD-AFB8-F8C7B8D4DDAB}.Release|x86.ActiveCfg = Release|x64
		{35253CE1-C864-4CD3-8249-4D1319748E8F}.Debug|Any CPU.ActiveCfg = Debug|Any CPU
		{35253CE1-C864-4CD3-8249-4D1319748E8F}.Debug|Any CPU.Build.0 = Debug|Any CPU
		{35253CE1-C864-4CD3-8249-4D1319748E8F}.Debug|x64.ActiveCfg = Debug|Any CPU
		{35253CE1-C864-4CD3-8249-4D1319748E8F}.Debug|x64.Build.0 = Debug|Any CPU
		{35253CE1-C864-4CD3-8249-4D1319748E8F}.Debug|x86.ActiveCfg = Debug|Any CPU
		{35253CE1-C864-4CD3-8249-4D1319748E8F}.Debug|x86.Build.0 = Debug|Any CPU
		{35253CE1-C864-4CD3-8249-4D1319748E8F}.Release|Any CPU.ActiveCfg = Release|x64
		{35253CE1-C864-4CD3-8249-4D1319748E8F}.Release|Any CPU.Build.0 = Release|x64
		{35253CE1-C864-4CD3-8249-4D1319748E8F}.Release|x64.ActiveCfg = Release|x64
		{35253CE1-C864-4CD3-8249-4D1319748E8F}.Release|x64.Build.0 = Release|x64
		{35253CE1-C864-4CD3-8249-4D1319748E8F}.Release|x86.ActiveCfg = Release|x86
		{35253CE1-C864-4CD3-8249-4D1319748E8F}.Release|x86.Build.0 = Release|x86
		{F847C49A-C292-422C-803A-170251AEA87F}.Debug|Any CPU.ActiveCfg = Debug|Any CPU
		{F847C49A-C292-422C-803A-170251AEA87F}.Debug|Any CPU.Build.0 = Debug|Any CPU
		{F847C49A-C292-422C-803A-170251AEA87F}.Debug|x64.ActiveCfg = Debug|Any CPU
		{F847C49A-C292-422C-803A-170251AEA87F}.Debug|x64.Build.0 = Debug|Any CPU
		{F847C49A-C292-422C-803A-170251AEA87F}.Debug|x86.ActiveCfg = Debug|Any CPU
		{F847C49A-C292-422C-803A-170251AEA87F}.Debug|x86.Build.0 = Debug|Any CPU
		{F847C49A-C292-422C-803A-170251AEA87F}.Release|Any CPU.ActiveCfg = Release|Any CPU
		{F847C49A-C292-422C-803A-170251AEA87F}.Release|Any CPU.Build.0 = Release|Any CPU
		{F847C49A-C292-422C-803A-170251AEA87F}.Release|x64.ActiveCfg = Release|x64
		{F847C49A-C292-422C-803A-170251AEA87F}.Release|x64.Build.0 = Release|x64
		{F847C49A-C292-422C-803A-170251AEA87F}.Release|x86.ActiveCfg = Release|x86
		{F847C49A-C292-422C-803A-170251AEA87F}.Release|x86.Build.0 = Release|x86
	EndGlobalSection
	GlobalSection(SolutionProperties) = preSolution
		HideSolutionNode = FALSE
	EndGlobalSection
	GlobalSection(NestedProjects) = preSolution
		{3A86225A-9B57-4D56-A780-1B3574B6346E} = {1E2FF976-9660-4D1D-973D-19CF11EDFCD4}
		{655C5539-2CB7-4898-9A14-9CEEDCD41AF3} = {1E2FF976-9660-4D1D-973D-19CF11EDFCD4}
		{9DA10741-A98C-4602-91F6-F6564B314C00} = {A7E7AC60-CDB0-48F4-B982-A370705B16DA}
		{C868B83E-EAE9-4DCD-AFB8-F8C7B8D4DDAB} = {A7E7AC60-CDB0-48F4-B982-A370705B16DA}
		{35253CE1-C864-4CD3-8249-4D1319748E8F} = {A7E7AC60-CDB0-48F4-B982-A370705B16DA}
		{F847C49A-C292-422C-803A-170251AEA87F} = {A7E7AC60-CDB0-48F4-B982-A370705B16DA}
	EndGlobalSection
	GlobalSection(ExtensibilityGlobals) = postSolution
		SolutionGuid = {5081EA36-0886-4BA3-ABD2-DD5D453B49FF}
	EndGlobalSection
EndGlobal
